// !$*UTF8*$!
{
	archiveVersion = 1;
	classes = {
	};
	objectVersion = 46;
	objects = {

/* Begin PBXBuildFile section */
		945F50BB1AEF817B001AC5AF /* AppDelegate.swift in Sources */ = {isa = PBXBuildFile; fileRef = 945F50BA1AEF817B001AC5AF /* AppDelegate.swift */; };
		945F50C01AEF817B001AC5AF /* Main.storyboard in Resources */ = {isa = PBXBuildFile; fileRef = 945F50BE1AEF817B001AC5AF /* Main.storyboard */; };
		945F50C21AEF817B001AC5AF /* Images.xcassets in Resources */ = {isa = PBXBuildFile; fileRef = 945F50C11AEF817B001AC5AF /* Images.xcassets */; };
		945F50C51AEF817B001AC5AF /* LaunchScreen.xib in Resources */ = {isa = PBXBuildFile; fileRef = 945F50C31AEF817B001AC5AF /* LaunchScreen.xib */; };
		945F50D11AEF817B001AC5AF /* DropitTests.swift in Sources */ = {isa = PBXBuildFile; fileRef = 945F50D01AEF817B001AC5AF /* DropitTests.swift */; };
		945F50DB1AEF81C1001AC5AF /* DropitViewController.swift in Sources */ = {isa = PBXBuildFile; fileRef = 945F50DA1AEF81C1001AC5AF /* DropitViewController.swift */; };
		945F50DD1AEF87D4001AC5AF /* DropitBehavior.swift in Sources */ = {isa = PBXBuildFile; fileRef = 945F50DC1AEF87D4001AC5AF /* DropitBehavior.swift */; };
		945F510D1AF07F94001AC5AF /* BezierPathsView.swift in Sources */ = {isa = PBXBuildFile; fileRef = 945F510C1AF07F94001AC5AF /* BezierPathsView.swift */; };
/* End PBXBuildFile section */

/* Begin PBXContainerItemProxy section */
		945F50CB1AEF817B001AC5AF /* PBXContainerItemProxy */ = {
			isa = PBXContainerItemProxy;
			containerPortal = 945F50AD1AEF817B001AC5AF /* Project object */;
			proxyType = 1;
			remoteGlobalIDString = 945F50B41AEF817B001AC5AF;
			remoteInfo = Dropit;
		};
/* End PBXContainerItemProxy section */

/* Begin PBXFileReference section */
		945F50B51AEF817B001AC5AF /* Dropit.app */ = {isa = PBXFileReference; explicitFileType = wrapper.application; includeInIndex = 0; path = Dropit.app; sourceTree = BUILT_PRODUCTS_DIR; };
		945F50B91AEF817B001AC5AF /* Info.plist */ = {isa = PBXFileReference; lastKnownFileType = text.plist.xml; path = Info.plist; sourceTree = "<group>"; };
		945F50BA1AEF817B001AC5AF /* AppDelegate.swift */ = {isa = PBXFileReference; lastKnownFileType = sourcecode.swift; path = AppDelegate.swift; sourceTree = "<group>"; };
		945F50BF1AEF817B001AC5AF /* Base */ = {isa = PBXFileReference; lastKnownFileType = file.storyboard; name = Base; path = Base.lproj/Main.storyboard; sourceTree = "<group>"; };
		945F50C11AEF817B001AC5AF /* Images.xcassets */ = {isa = PBXFileReference; lastKnownFileType = folder.assetcatalog; path = Images.xcassets; sourceTree = "<group>"; };
		945F50C41AEF817B001AC5AF /* Base */ = {isa = PBXFileReference; lastKnownFileType = file.xib; name = Base; path = Base.lproj/LaunchScreen.xib; sourceTree = "<group>"; };
		945F50CA1AEF817B001AC5AF /* DropitTests.xctest */ = {isa = PBXFileReference; explicitFileType = wrapper.cfbundle; includeInIndex = 0; path = DropitTests.xctest; sourceTree = BUILT_PRODUCTS_DIR; };
		945F50CF1AEF817B001AC5AF /* Info.plist */ = {isa = PBXFileReference; lastKnownFileType = text.plist.xml; path = Info.plist; sourceTree = "<group>"; };
		945F50D01AEF817B001AC5AF /* DropitTests.swift */ = {isa = PBXFileReference; lastKnownFileType = sourcecode.swift; path = DropitTests.swift; sourceTree = "<group>"; };
		945F50DA1AEF81C1001AC5AF /* DropitViewController.swift */ = {isa = PBXFileReference; fileEncoding = 4; lastKnownFileType = sourcecode.swift; path = DropitViewController.swift; sourceTree = "<group>"; };
		945F50DC1AEF87D4001AC5AF /* DropitBehavior.swift */ = {isa = PBXFileReference; fileEncoding = 4; lastKnownFileType = sourcecode.swift; path = DropitBehavior.swift; sourceTree = "<group>"; };
		945F510C1AF07F94001AC5AF /* BezierPathsView.swift */ = {isa = PBXFileReference; fileEncoding = 4; lastKnownFileType = sourcecode.swift; path = BezierPathsView.swift; sourceTree = "<group>"; };
/* End PBXFileReference section */

/* Begin PBXFrameworksBuildPhase section */
		945F50B21AEF817B001AC5AF /* Frameworks */ = {
			isa = PBXFrameworksBuildPhase;
			buildActionMask = 2147483647;
			files = (
			);
			runOnlyForDeploymentPostprocessing = 0;
		};
		945F50C71AEF817B001AC5AF /* Frameworks */ = {
			isa = PBXFrameworksBuildPhase;
			buildActionMask = 2147483647;
			files = (
			);
			runOnlyForDeploymentPostprocessing = 0;
		};
/* End PBXFrameworksBuildPhase section */

/* Begin PBXGroup section */
		945F50AC1AEF817B001AC5AF = {
			isa = PBXGroup;
			children = (
				945F50B71AEF817B001AC5AF /* Dropit */,
				945F50CD1AEF817B001AC5AF /* DropitTests */,
				945F50B61AEF817B001AC5AF /* Products */,
			);
			sourceTree = "<group>";
		};
		945F50B61AEF817B001AC5AF /* Products */ = {
			isa = PBXGroup;
			children = (
				945F50B51AEF817B001AC5AF /* Dropit.app */,
				945F50CA1AEF817B001AC5AF /* DropitTests.xctest */,
			);
			name = Products;
			sourceTree = "<group>";
		};
		945F50B71AEF817B001AC5AF /* Dropit */ = {
			isa = PBXGroup;
			children = (
				945F50BE1AEF817B001AC5AF /* Main.storyboard */,
				945F50DA1AEF81C1001AC5AF /* DropitViewController.swift */,
				945F50DC1AEF87D4001AC5AF /* DropitBehavior.swift */,
				945F50B81AEF817B001AC5AF /* Supporting Files */,
				945F510C1AF07F94001AC5AF /* BezierPathsView.swift */,
			);
			path = Dropit;
			sourceTree = "<group>";
		};
		945F50B81AEF817B001AC5AF /* Supporting Files */ = {
			isa = PBXGroup;
			children = (
				945F50BA1AEF817B001AC5AF /* AppDelegate.swift */,
				945F50C11AEF817B001AC5AF /* Images.xcassets */,
				945F50C31AEF817B001AC5AF /* LaunchScreen.xib */,
				945F50B91AEF817B001AC5AF /* Info.plist */,
			);
			name = "Supporting Files";
			sourceTree = "<group>";
		};
		945F50CD1AEF817B001AC5AF /* DropitTests */ = {
			isa = PBXGroup;
			children = (
				945F50D01AEF817B001AC5AF /* DropitTests.swift */,
				945F50CE1AEF817B001AC5AF /* Supporting Files */,
			);
			path = DropitTests;
			sourceTree = "<group>";
		};
		945F50CE1AEF817B001AC5AF /* Supporting Files */ = {
			isa = PBXGroup;
			children = (
				945F50CF1AEF817B001AC5AF /* Info.plist */,
			);
			name = "Supporting Files";
			sourceTree = "<group>";
		};
/* End PBXGroup section */

/* Begin PBXNativeTarget section */
		945F50B41AEF817B001AC5AF /* Dropit */ = {
			isa = PBXNativeTarget;
			buildConfigurationList = 945F50D41AEF817B001AC5AF /* Build configuration list for PBXNativeTarget "Dropit" */;
			buildPhases = (
				945F50B11AEF817B001AC5AF /* Sources */,
				945F50B21AEF817B001AC5AF /* Frameworks */,
				945F50B31AEF817B001AC5AF /* Resources */,
			);
			buildRules = (
			);
			dependencies = (
			);
			name = Dropit;
			productName = Dropit;
			productReference = 945F50B51AEF817B001AC5AF /* Dropit.app */;
			productType = "com.apple.product-type.application";
		};
		945F50C91AEF817B001AC5AF /* DropitTests */ = {
			isa = PBXNativeTarget;
			buildConfigurationList = 945F50D71AEF817B001AC5AF /* Build configuration list for PBXNativeTarget "DropitTests" */;
			buildPhases = (
				945F50C61AEF817B001AC5AF /* Sources */,
				945F50C71AEF817B001AC5AF /* Frameworks */,
				945F50C81AEF817B001AC5AF /* Resources */,
			);
			buildRules = (
			);
			dependencies = (
				945F50CC1AEF817B001AC5AF /* PBXTargetDependency */,
			);
			name = DropitTests;
			productName = DropitTests;
			productReference = 945F50CA1AEF817B001AC5AF /* DropitTests.xctest */;
			productType = "com.apple.product-type.bundle.unit-test";
		};
/* End PBXNativeTarget section */

/* Begin PBXProject section */
		945F50AD1AEF817B001AC5AF /* Project object */ = {
			isa = PBXProject;
			attributes = {
				LastUpgradeCheck = 0630;
				ORGANIZATIONNAME = Ryan;
				TargetAttributes = {
					945F50B41AEF817B001AC5AF = {
						CreatedOnToolsVersion = 6.3.1;
					};
					945F50C91AEF817B001AC5AF = {
						CreatedOnToolsVersion = 6.3.1;
						TestTargetID = 945F50B41AEF817B001AC5AF;
					};
				};
			};
			buildConfigurationList = 945F50B01AEF817B001AC5AF /* Build configuration list for PBXProject "Dropit" */;
			compatibilityVersion = "Xcode 3.2";
			developmentRegion = English;
			hasScannedForEncodings = 0;
			knownRegions = (
				en,
				Base,
			);
			mainGroup = 945F50AC1AEF817B001AC5AF;
			productRefGroup = 945F50B61AEF817B001AC5AF /* Products */;
			projectDirPath = "";
			projectRoot = "";
			targets = (
				945F50B41AEF817B001AC5AF /* Dropit */,
				945F50C91AEF817B001AC5AF /* DropitTests */,
			);
		};
/* End PBXProject section */

/* Begin PBXResourcesBuildPhase section */
		945F50B31AEF817B001AC5AF /* Resources */ = {
			isa = PBXResourcesBuildPhase;
			buildActionMask = 2147483647;
			files = (
				945F50C01AEF817B001AC5AF /* Main.storyboard in Resources */,
				945F50C51AEF817B001AC5AF /* LaunchScreen.xib in Resources */,
				945F50C21AEF817B001AC5AF /* Images.xcassets in Resources */,
			);
			runOnlyForDeploymentPostprocessing = 0;
		};
		945F50C81AEF817B001AC5AF /* Resources */ = {
			isa = PBXResourcesBuildPhase;
			buildActionMask = 2147483647;
			files = (
			);
			runOnlyForDeploymentPostprocessing = 0;
		};
/* End PBXResourcesBuildPhase section */

/* Begin PBXSourcesBuildPhase section */
		945F50B11AEF817B001AC5AF /* Sources */ = {
			isa = PBXSourcesBuildPhase;
			buildActionMask = 2147483647;
			files = (
				945F510D1AF07F94001AC5AF /* BezierPathsView.swift in Sources */,
				945F50DB1AEF81C1001AC5AF /* DropitViewController.swift in Sources */,
				945F50BB1AEF817B001AC5AF /* AppDelegate.swift in Sources */,
				945F50DD1AEF87D4001AC5AF /* DropitBehavior.swift in Sources */,
			);
			runOnlyForDeploymentPostprocessing = 0;
		};
		945F50C61AEF817B001AC5AF /* Sources */ = {
			isa = PBXSourcesBuildPhase;
			buildActionMask = 2147483647;
			files = (
				945F50D11AEF817B001AC5AF /* DropitTests.swift in Sources */,
			);
			runOnlyForDeploymentPostprocessing = 0;
		};
/* End PBXSourcesBuildPhase section */

/* Begin PBXTargetDependency section */
		945F50CC1AEF817B001AC5AF /* PBXTargetDependency */ = {
			isa = PBXTargetDependency;
			target = 945F50B41AEF817B001AC5AF /* Dropit */;
			targetProxy = 945F50CB1AEF817B001AC5AF /* PBXContainerItemProxy */;
		};
/* End PBXTargetDependency section */

/* Begin PBXVariantGroup section */
		945F50BE1AEF817B001AC5AF /* Main.storyboard */ = {
			isa = PBXVariantGroup;
			children = (
				945F50BF1AEF817B001AC5AF /* Base */,
			);
			name = Main.storyboard;
			sourceTree = "<group>";
		};
		945F50C31AEF817B001AC5AF /* LaunchScreen.xib */ = {
			isa = PBXVariantGroup;
			children = (
				945F50C41AEF817B001AC5AF /* Base */,
			);
			name = LaunchScreen.xib;
			sourceTree = "<group>";
		};
/* End PBXVariantGroup section */

/* Begin XCBuildConfiguration section */
		945F50D21AEF817B001AC5AF /* Debug */ = {
			isa = XCBuildConfiguration;
			buildSettings = {
				ALWAYS_SEARCH_USER_PATHS = NO;
				CLANG_CXX_LANGUAGE_STANDARD = "gnu++0x";
				CLANG_CXX_LIBRARY = "libc++";
				CLANG_ENABLE_MODULES = YES;
				CLANG_ENABLE_OBJC_ARC = YES;
				CLANG_WARN_BOOL_CONVERSION = YES;
				CLANG_WARN_CONSTANT_CONVERSION = YES;
				CLANG_WARN_DIRECT_OBJC_ISA_USAGE = YES_ERROR;
				CLANG_WARN_EMPTY_BODY = YES;
				CLANG_WARN_ENUM_CONVERSION = YES;
				CLANG_WARN_INT_CONVERSION = YES;
				CLANG_WARN_OBJC_ROOT_CLASS = YES_ERROR;
				CLANG_WARN_UNREACHABLE_CODE = YES;
				CLANG_WARN__DUPLICATE_METHOD_MATCH = YES;
				"CODE_SIGN_IDENTITY[sdk=iphoneos*]" = "iPhone Developer";
				COPY_PHASE_STRIP = NO;
				DEBUG_INFORMATION_FORMAT = "dwarf-with-dsym";
				ENABLE_STRICT_OBJC_MSGSEND = YES;
				GCC_C_LANGUAGE_STANDARD = gnu99;
				GCC_DYNAMIC_NO_PIC = NO;
				GCC_NO_COMMON_BLOCKS = YES;
				GCC_OPTIMIZATION_LEVEL = 0;
				GCC_PREPROCESSOR_DEFINITIONS = (
					"DEBUG=1",
					"$(inherited)",
				);
				GCC_SYMBOLS_PRIVATE_EXTERN = NO;
				GCC_WARN_64_TO_32_BIT_CONVERSION = YES;
				GCC_WARN_ABOUT_RETURN_TYPE = YES_ERROR;
				GCC_WARN_UNDECLARED_SELECTOR = YES;
				GCC_WARN_UNINITIALIZED_AUTOS = YES_AGGRESSIVE;
				GCC_WARN_UNUSED_FUNCTION = YES;
				GCC_WARN_UNUSED_VARIABLE = YES;
				IPHONEOS_DEPLOYMENT_TARGET = 8.3;
				MTL_ENABLE_DEBUG_INFO = YES;
				ONLY_ACTIVE_ARCH = YES;
				SDKROOT = iphoneos;
				SWIFT_OPTIMIZATION_LEVEL = "-Onone";
				TARGETED_DEVICE_FAMILY = "1,2";
			};
			name = Debug;
		};
		945F50D31AEF817B001AC5AF /* Release */ = {
			isa = XCBuildConfiguration;
			buildSettings = {
				ALWAYS_SEARCH_USER_PATHS = NO;
				CLANG_CXX_LANGUAGE_STANDARD = "gnu++0x";
				CLANG_CXX_LIBRARY = "libc++";
				CLANG_ENABLE_MODULES = YES;
				CLANG_ENABLE_OBJC_ARC = YES;
				CLANG_WARN_BOOL_CONVERSION = YES;
				CLANG_WARN_CONSTANT_CONVERSION = YES;
				CLANG_WARN_DIRECT_OBJC_ISA_USAGE = YES_ERROR;
				CLANG_WARN_EMPTY_BODY = YES;
				CLANG_WARN_ENUM_CONVERSION = YES;
				CLANG_WARN_INT_CONVERSION = YES;
				CLANG_WARN_OBJC_ROOT_CLASS = YES_ERROR;
				CLANG_WARN_UNREACHABLE_CODE = YES;
				CLANG_WARN__DUPLICATE_METHOD_MATCH = YES;
				"CODE_SIGN_IDENTITY[sdk=iphoneos*]" = "iPhone Developer";
				COPY_PHASE_STRIP = NO;
				DEBUG_INFORMATION_FORMAT = "dwarf-with-dsym";
				ENABLE_NS_ASSERTIONS = NO;
				ENABLE_STRICT_OBJC_MSGSEND = YES;
				GCC_C_LANGUAGE_STANDARD = gnu99;
				GCC_NO_COMMON_BLOCKS = YES;
				GCC_WARN_64_TO_32_BIT_CONVERSION = YES;
				GCC_WARN_ABOUT_RETURN_TYPE = YES_ERROR;
				GCC_WARN_UNDECLARED_SELECTOR = YES;
				GCC_WARN_UNINITIALIZED_AUTOS = YES_AGGRESSIVE;
				GCC_WARN_UNUSED_FUNCTION = YES;
				GCC_WARN_UNUSED_VARIABLE = YES;
				IPHONEOS_DEPLOYMENT_TARGET = 8.3;
				MTL_ENABLE_DEBUG_INFO = NO;
				SDKROOT = iphoneos;
				TARGETED_DEVICE_FAMILY = "1,2";
				VALIDATE_PRODUCT = YES;
			};
			name = Release;
		};
		945F50D51AEF817B001AC5AF /* Debug */ = {
			isa = XCBuildConfiguration;
			buildSettings = {
				ASSETCATALOG_COMPILER_APPICON_NAME = AppIcon;
				INFOPLIST_FILE = Dropit/Info.plist;
				LD_RUNPATH_SEARCH_PATHS = "$(inherited) @executable_path/Frameworks";
				PRODUCT_NAME = "$(TARGET_NAME)";
			};
			name = Debug;
		};
		945F50D61AEF817B001AC5AF /* Release */ = {
			isa = XCBuildConfiguration;
			buildSettings = {
				ASSETCATALOG_COMPILER_APPICON_NAME = AppIcon;
				INFOPLIST_FILE = Dropit/Info.plist;
				LD_RUNPATH_SEARCH_PATHS = "$(inherited) @executable_path/Frameworks";
				PRODUCT_NAME = "$(TARGET_NAME)";
			};
			name = Release;
		};
		945F50D81AEF817B001AC5AF /* Debug */ = {
			isa = XCBuildConfiguration;
			buildSettings = {
				BUNDLE_LOADER = "$(TEST_HOST)";
				FRAMEWORK_SEARCH_PATHS = (
					"$(SDKROOT)/Developer/Library/Frameworks",
					"$(inherited)",
				);
				GCC_PREPROCESSOR_DEFINITIONS = (
					"DEBUG=1",
					"$(inherited)",
				);
				INFOPLIST_FILE = DropitTests/Info.plist;
				LD_RUNPATH_SEARCH_PATHS = "$(inherited) @executable_path/Frameworks @loader_path/Frameworks";
				PRODUCT_NAME = "$(TARGET_NAME)";
				TEST_HOST = "$(BUILT_PRODUCTS_DIR)/Dropit.app/Dropit";
			};
			name = Debug;
		};
		945F50D91AEF817B001AC5AF /* Release */ = {
			isa = XCBuildConfiguration;
			buildSettings = {
				BUNDLE_LOADER = "$(TEST_HOST)";
				FRAMEWORK_SEARCH_PATHS = (
					"$(SDKROOT)/Developer/Library/Frameworks",
					"$(inherited)",
				);
				INFOPLIST_FILE = DropitTests/Info.plist;
				LD_RUNPATH_SEARCH_PATHS = "$(inherited) @executable_path/Frameworks @loader_path/Frameworks";
				PRODUCT_NAME = "$(TARGET_NAME)";
				TEST_HOST = "$(BUILT_PRODUCTS_DIR)/Dropit.app/Dropit";
			};
			name = Release;
		};
/* End XCBuildConfiguration section */

/* Begin XCConfigurationList section */
		945F50B01AEF817B001AC5AF /* Build configuration list for PBXProject "Dropit" */ = {
			isa = XCConfigurationList;
			buildConfigurations = (
				945F50D21AEF817B001AC5AF /* Debug */,
				945F50D31AEF817B001AC5AF /* Release */,
			);
			defaultConfigurationIsVisible = 0;
			defaultConfigurationName = Release;
		};
		945F50D41AEF817B001AC5AF /* Build configuration list for PBXNativeTarget "Dropit" */ = {
			isa = XCConfigurationList;
			buildConfigurations = (
				945F50D51AEF817B001AC5AF /* Debug */,
				945F50D61AEF817B001AC5AF /* Release */,
			);
			defaultConfigurationIsVisible = 0;
		};
		945F50D71AEF817B001AC5AF /* Build configuration list for PBXNativeTarget "DropitTests" */ = {
			isa = XCConfigurationList;
			buildConfigurations = (
				945F50D81AEF817B001AC5AF /* Debug */,
				945F50D91AEF817B001AC5AF /* Release */,
			);
			defaultConfigurationIsVisible = 0;
		};
/* End XCConfigurationList section */
	};
	rootObject = 945F50AD1AEF817B001AC5AF /* Project object */;
}
